
Microsoft Visual Studio Solution File, Format Version 12.00
# Visual Studio Version 17
VisualStudioVersion = 17.5.2.0
MinimumVisualStudioVersion = 10.0.40219.1
Project("{FAE04EC0-301F-11D3-BF4B-00C04F79EFBC}") = "razor", "razor.csproj", "{727E89A2-68C9-2280-7FF5-6CCCF3B702C3}"
EndProject
Project("{FAE04EC0-301F-11D3-BF4B-00C04F79EFBC}") = "razor.Tests.E2E", "razor.Tests.E2E\razor.Tests.E2E.csproj", "{18B0492C-88C8-4C5F-BE53-DEA304CD79E9}"
EndProject
Global
	GlobalSection(SolutionConfigurationPlatforms) = preSolution
		Debug|Any CPU = Debug|Any CPU
		Debug|x64 = Debug|x64
		Debug|x86 = Debug|x86
		Release|Any CPU = Release|Any CPU
		Release|x64 = Release|x64
		Release|x86 = Release|x86
	EndGlobalSection
	GlobalSection(ProjectConfigurationPlatforms) = postSolution
		{727E89A2-68C9-2280-7FF5-6CCCF3B702C3}.Debug|Any CPU.ActiveCfg = Debug|Any CPU
		{727E89A2-68C9-2280-7FF5-6CCCF3B702C3}.Debug|Any CPU.Build.0 = Debug|Any CPU
		{727E89A2-68C9-2280-7FF5-6CCCF3B702C3}.Debug|x64.ActiveCfg = Debug|Any CPU
		{727E89A2-68C9-2280-7FF5-6CCCF3B702C3}.Debug|x64.Build.0 = Debug|Any CPU
		{727E89A2-68C9-2280-7FF5-6CCCF3B702C3}.Debug|x86.ActiveCfg = Debug|Any CPU
		{727E89A2-68C9-2280-7FF5-6CCCF3B702C3}.Debug|x86.Build.0 = Debug|Any CPU
		{727E89A2-68C9-2280-7FF5-6CCCF3B702C3}.Release|Any CPU.ActiveCfg = Release|Any CPU
		{727E89A2-68C9-2280-7FF5-6CCCF3B702C3}.Release|Any CPU.Build.0 = Release|Any CPU
		{727E89A2-68C9-2280-7FF5-6CCCF3B702C3}.Release|x64.ActiveCfg = Release|Any CPU
		{727E89A2-68C9-2280-7FF5-6CCCF3B702C3}.Release|x64.Build.0 = Release|Any CPU
		{727E89A2-68C9-2280-7FF5-6CCCF3B702C3}.Release|x86.ActiveCfg = Release|Any CPU
		{727E89A2-68C9-2280-7FF5-6CCCF3B702C3}.Release|x86.Build.0 = Release|Any CPU
		{18B0492C-88C8-4C5F-BE53-DEA304CD79E9}.Debug|Any CPU.ActiveCfg = Debug|Any CPU
		{18B0492C-88C8-4C5F-BE53-DEA304CD79E9}.Debug|Any CPU.Build.0 = Debug|Any CPU
		{18B0492C-88C8-4C5F-BE53-DEA304CD79E9}.Debug|x64.ActiveCfg = Debug|Any CPU
		{18B0492C-88C8-4C5F-BE53-DEA304CD79E9}.Debug|x64.Build.0 = Debug|Any CPU
		{18B0492C-88C8-4C5F-BE53-DEA304CD79E9}.Debug|x86.ActiveCfg = Debug|Any CPU
		{18B0492C-88C8-4C5F-BE53-DEA304CD79E9}.Debug|x86.Build.0 = Debug|Any CPU
		{18B0492C-88C8-4C5F-BE53-DEA304CD79E9}.Release|Any CPU.ActiveCfg = Release|Any CPU
		{18B0492C-88C8-4C5F-BE53-DEA304CD79E9}.Release|Any CPU.Build.0 = Release|Any CPU
		{18B0492C-88C8-4C5F-BE53-DEA304CD79E9}.Release|x64.ActiveCfg = Release|Any CPU
		{18B0492C-88C8-4C5F-BE53-DEA304CD79E9}.Release|x64.Build.0 = Release|Any CPU
		{18B0492C-88C8-4C5F-BE53-DEA304CD79E9}.Release|x86.ActiveCfg = Release|Any CPU
		{18B0492C-88C8-4C5F-BE53-DEA304CD79E9}.Release|x86.Build.0 = Release|Any CPU
	EndGlobalSection
	GlobalSection(SolutionProperties) = preSolution
		HideSolutionNode = FALSE
	EndGlobalSection
	GlobalSection(ExtensibilityGlobals) = postSolution
		SolutionGuid = {B44D4E5C-CD40-4CA7-BB42-90BAED62001F}
	EndGlobalSection
EndGlobal
